// !$*UTF8*$!
{
	archiveVersion = 1;
	classes = {
	};
	objectVersion = 55;
	objects = {

/* Begin PBXBuildFile section */
		7D0408B72A94815200402458 /* Cache.swift in Sources */ = {isa = PBXBuildFile; fileRef = 7D0408B62A94815200402458 /* Cache.swift */; };
		7D15F0D727D6F0AE0029C40F /* CreditTableViewDescriptionCell.swift in Sources */ = {isa = PBXBuildFile; fileRef = 7D15F0D627D6F0AE0029C40F /* CreditTableViewDescriptionCell.swift */; };
		7D15F0DA27D726E50029C40F /* CreditFootherView.swift in Sources */ = {isa = PBXBuildFile; fileRef = 7D15F0D927D726E50029C40F /* CreditFootherView.swift */; };
		7D1979E827BE0C9A00CD3DB9 /* Extensions.swift in Sources */ = {isa = PBXBuildFile; fileRef = 7D1979E727BE0C9A00CD3DB9 /* Extensions.swift */; };
		7D1982EE2782D77500F2E745 /* AppDelegate.swift in Sources */ = {isa = PBXBuildFile; fileRef = 7D1982ED2782D77500F2E745 /* AppDelegate.swift */; };
		7D1982F02782D77500F2E745 /* SceneDelegate.swift in Sources */ = {isa = PBXBuildFile; fileRef = 7D1982EF2782D77500F2E745 /* SceneDelegate.swift */; };
		7D1982F22782D77500F2E745 /* DiscoverViewController.swift in Sources */ = {isa = PBXBuildFile; fileRef = 7D1982F12782D77500F2E745 /* DiscoverViewController.swift */; };
		7D1982F52782D77500F2E745 /* Main.storyboard in Resources */ = {isa = PBXBuildFile; fileRef = 7D1982F32782D77500F2E745 /* Main.storyboard */; };
		7D1982F72782D77600F2E745 /* Assets.xcassets in Resources */ = {isa = PBXBuildFile; fileRef = 7D1982F62782D77600F2E745 /* Assets.xcassets */; };
		7D1982FA2782D77600F2E745 /* LaunchScreen.storyboard in Resources */ = {isa = PBXBuildFile; fileRef = 7D1982F82782D77600F2E745 /* LaunchScreen.storyboard */; };
		7D202FAE27B262A6008F8051 /* MovieDetail.swift in Sources */ = {isa = PBXBuildFile; fileRef = 7D202FAD27B262A6008F8051 /* MovieDetail.swift */; };
		7D26C14627867D8E005B122D /* DiscoverCollectionViewCell.swift in Sources */ = {isa = PBXBuildFile; fileRef = 7D26C14527867D8E005B122D /* DiscoverCollectionViewCell.swift */; };
		7D2870452AAF1B9D00C1AC94 /* CancelableImageView.swift in Sources */ = {isa = PBXBuildFile; fileRef = 7D2870442AAF1B9D00C1AC94 /* CancelableImageView.swift */; };
		7D2DD62527855A30000EBDE0 /* DiscoverCollectionHeaderView.swift in Sources */ = {isa = PBXBuildFile; fileRef = 7D2DD62427855A30000EBDE0 /* DiscoverCollectionHeaderView.swift */; };
		7D37ADA0278D5C97004BBFF9 /* APIService.swift in Sources */ = {isa = PBXBuildFile; fileRef = 7D37AD9F278D5C97004BBFF9 /* APIService.swift */; };
		7D37ADA2278D5CE7004BBFF9 /* MovieList.swift in Sources */ = {isa = PBXBuildFile; fileRef = 7D37ADA1278D5CE7004BBFF9 /* MovieList.swift */; };
		7D40A07F27BCC33D002C21FE /* IconLabel.swift in Sources */ = {isa = PBXBuildFile; fileRef = 7D40A07E27BCC33D002C21FE /* IconLabel.swift */; };
		7D40A08127BCC91E002C21FE /* DescriptionView.swift in Sources */ = {isa = PBXBuildFile; fileRef = 7D40A08027BCC91E002C21FE /* DescriptionView.swift */; };
		7D40A08327BCD362002C21FE /* DoubleColumDescriptionView.swift in Sources */ = {isa = PBXBuildFile; fileRef = 7D40A08227BCD362002C21FE /* DoubleColumDescriptionView.swift */; };
		7D7A7D3A2A7E744100E7879A /* ImageCacheManager.swift in Sources */ = {isa = PBXBuildFile; fileRef = 7D7A7D392A7E744100E7879A /* ImageCacheManager.swift */; };
		7D8740F527841F5600E92C72 /* Constant.swift in Sources */ = {isa = PBXBuildFile; fileRef = 7D8740F427841F5600E92C72 /* Constant.swift */; };
		7D88534027BA1E7500CC915E /* DetailViewController.swift in Sources */ = {isa = PBXBuildFile; fileRef = 7D88533F27BA1E7500CC915E /* DetailViewController.swift */; };
		7D88534327BA371D00CC915E /* DetailViewModel.swift in Sources */ = {isa = PBXBuildFile; fileRef = 7D88534227BA371D00CC915E /* DetailViewModel.swift */; };
		7D90EC1927D5DA310099B485 /* CreditSection.swift in Sources */ = {isa = PBXBuildFile; fileRef = 7D90EC1827D5DA310099B485 /* CreditSection.swift */; };
		7D90EC1B27D5EC160099B485 /* CreditHeaderView.swift in Sources */ = {isa = PBXBuildFile; fileRef = 7D90EC1A27D5EC160099B485 /* CreditHeaderView.swift */; };
		7D947CA9278C03E00031C7C9 /* CreditViewController.swift in Sources */ = {isa = PBXBuildFile; fileRef = 7D947CA8278C03E00031C7C9 /* CreditViewController.swift */; };
		7D9D9F4A278E928C0098FEA3 /* MovieFront.swift in Sources */ = {isa = PBXBuildFile; fileRef = 7D9D9F49278E928C0098FEA3 /* MovieFront.swift */; };
		7DC7D34727913C89005C3D9C /* DiscoverViewModel.swift in Sources */ = {isa = PBXBuildFile; fileRef = 7DC7D34627913C89005C3D9C /* DiscoverViewModel.swift */; };
		7DC7D34A27913E8F005C3D9C /* ChartViewModel.swift in Sources */ = {isa = PBXBuildFile; fileRef = 7DC7D34927913E8F005C3D9C /* ChartViewModel.swift */; };
		7DDE9C2D2787D6EE00938996 /* MainTabBarController.swift in Sources */ = {isa = PBXBuildFile; fileRef = 7DDE9C2C2787D6EE00938996 /* MainTabBarController.swift */; };
		7DDE9C302787E0C700938996 /* ChartViewController.swift in Sources */ = {isa = PBXBuildFile; fileRef = 7DDE9C2F2787E0C700938996 /* ChartViewController.swift */; };
		7DDE9C322788045B00938996 /* ChartTableViewCell.swift in Sources */ = {isa = PBXBuildFile; fileRef = 7DDE9C312788045B00938996 /* ChartTableViewCell.swift */; };
		7DE8154327910DDC00726799 /* Keys.swift in Sources */ = {isa = PBXBuildFile; fileRef = 7DE8154227910DDC00726799 /* Keys.swift */; };
		9F38C115EB6AF0EEE6B8E0C5 /* Pods_MovieApp.framework in Frameworks */ = {isa = PBXBuildFile; fileRef = 1333EC5F83FAB13E0CD0D899 /* Pods_MovieApp.framework */; };
/* End PBXBuildFile section */

/* Begin PBXFileReference section */
		1333EC5F83FAB13E0CD0D899 /* Pods_MovieApp.framework */ = {isa = PBXFileReference; explicitFileType = wrapper.framework; includeInIndex = 0; path = Pods_MovieApp.framework; sourceTree = BUILT_PRODUCTS_DIR; };
		4940141FE31A8FDE1F3A884C /* Pods-MovieApp.debug.xcconfig */ = {isa = PBXFileReference; includeInIndex = 1; lastKnownFileType = text.xcconfig; name = "Pods-MovieApp.debug.xcconfig"; path = "Target Support Files/Pods-MovieApp/Pods-MovieApp.debug.xcconfig"; sourceTree = "<group>"; };
		7D0408B62A94815200402458 /* Cache.swift */ = {isa = PBXFileReference; lastKnownFileType = sourcecode.swift; path = Cache.swift; sourceTree = "<group>"; };
		7D15F0D627D6F0AE0029C40F /* CreditTableViewDescriptionCell.swift */ = {isa = PBXFileReference; lastKnownFileType = sourcecode.swift; path = CreditTableViewDescriptionCell.swift; sourceTree = "<group>"; };
		7D15F0D927D726E50029C40F /* CreditFootherView.swift */ = {isa = PBXFileReference; lastKnownFileType = sourcecode.swift; path = CreditFootherView.swift; sourceTree = "<group>"; };
		7D1979E727BE0C9A00CD3DB9 /* Extensions.swift */ = {isa = PBXFileReference; lastKnownFileType = sourcecode.swift; path = Extensions.swift; sourceTree = "<group>"; };
		7D1982EA2782D77500F2E745 /* MovieApp.app */ = {isa = PBXFileReference; explicitFileType = wrapper.application; includeInIndex = 0; path = MovieApp.app; sourceTree = BUILT_PRODUCTS_DIR; };
		7D1982ED2782D77500F2E745 /* AppDelegate.swift */ = {isa = PBXFileReference; lastKnownFileType = sourcecode.swift; path = AppDelegate.swift; sourceTree = "<group>"; };
		7D1982EF2782D77500F2E745 /* SceneDelegate.swift */ = {isa = PBXFileReference; lastKnownFileType = sourcecode.swift; path = SceneDelegate.swift; sourceTree = "<group>"; };
		7D1982F12782D77500F2E745 /* DiscoverViewController.swift */ = {isa = PBXFileReference; lastKnownFileType = sourcecode.swift; path = DiscoverViewController.swift; sourceTree = "<group>"; };
		7D1982F42782D77500F2E745 /* Base */ = {isa = PBXFileReference; lastKnownFileType = file.storyboard; name = Base; path = Base.lproj/Main.storyboard; sourceTree = "<group>"; };
		7D1982F62782D77600F2E745 /* Assets.xcassets */ = {isa = PBXFileReference; lastKnownFileType = folder.assetcatalog; path = Assets.xcassets; sourceTree = "<group>"; };
		7D1982F92782D77600F2E745 /* Base */ = {isa = PBXFileReference; lastKnownFileType = file.storyboard; name = Base; path = Base.lproj/LaunchScreen.storyboard; sourceTree = "<group>"; };
		7D1982FB2782D77600F2E745 /* Info.plist */ = {isa = PBXFileReference; lastKnownFileType = text.plist.xml; path = Info.plist; sourceTree = "<group>"; };
		7D202FAD27B262A6008F8051 /* MovieDetail.swift */ = {isa = PBXFileReference; lastKnownFileType = sourcecode.swift; path = MovieDetail.swift; sourceTree = "<group>"; };
		7D26C14527867D8E005B122D /* DiscoverCollectionViewCell.swift */ = {isa = PBXFileReference; lastKnownFileType = sourcecode.swift; path = DiscoverCollectionViewCell.swift; sourceTree = "<group>"; };
		7D2870442AAF1B9D00C1AC94 /* CancelableImageView.swift */ = {isa = PBXFileReference; lastKnownFileType = sourcecode.swift; path = CancelableImageView.swift; sourceTree = "<group>"; };
		7D2DD62427855A30000EBDE0 /* DiscoverCollectionHeaderView.swift */ = {isa = PBXFileReference; lastKnownFileType = sourcecode.swift; path = DiscoverCollectionHeaderView.swift; sourceTree = "<group>"; };
		7D37AD9F278D5C97004BBFF9 /* APIService.swift */ = {isa = PBXFileReference; lastKnownFileType = sourcecode.swift; path = APIService.swift; sourceTree = "<group>"; };
		7D37ADA1278D5CE7004BBFF9 /* MovieList.swift */ = {isa = PBXFileReference; lastKnownFileType = sourcecode.swift; path = MovieList.swift; sourceTree = "<group>"; };
		7D40A07E27BCC33D002C21FE /* IconLabel.swift */ = {isa = PBXFileReference; lastKnownFileType = sourcecode.swift; path = IconLabel.swift; sourceTree = "<group>"; };
		7D40A08027BCC91E002C21FE /* DescriptionView.swift */ = {isa = PBXFileReference; lastKnownFileType = sourcecode.swift; path = DescriptionView.swift; sourceTree = "<group>"; };
		7D40A08227BCD362002C21FE /* DoubleColumDescriptionView.swift */ = {isa = PBXFileReference; lastKnownFileType = sourcecode.swift; path = DoubleColumDescriptionView.swift; sourceTree = "<group>"; };
		7D7A7D392A7E744100E7879A /* ImageCacheManager.swift */ = {isa = PBXFileReference; lastKnownFileType = sourcecode.swift; path = ImageCacheManager.swift; sourceTree = "<group>"; };
		7D8740F427841F5600E92C72 /* Constant.swift */ = {isa = PBXFileReference; lastKnownFileType = sourcecode.swift; path = Constant.swift; sourceTree = "<group>"; };
		7D88533F27BA1E7500CC915E /* DetailViewController.swift */ = {isa = PBXFileReference; lastKnownFileType = sourcecode.swift; path = DetailViewController.swift; sourceTree = "<group>"; };
		7D88534227BA371D00CC915E /* DetailViewModel.swift */ = {isa = PBXFileReference; lastKnownFileType = sourcecode.swift; path = DetailViewModel.swift; sourceTree = "<group>"; };
		7D90EC1827D5DA310099B485 /* CreditSection.swift */ = {isa = PBXFileReference; lastKnownFileType = sourcecode.swift; path = CreditSection.swift; sourceTree = "<group>"; };
		7D90EC1A27D5EC160099B485 /* CreditHeaderView.swift */ = {isa = PBXFileReference; lastKnownFileType = sourcecode.swift; path = CreditHeaderView.swift; sourceTree = "<group>"; };
		7D947CA8278C03E00031C7C9 /* CreditViewController.swift */ = {isa = PBXFileReference; lastKnownFileType = sourcecode.swift; path = CreditViewController.swift; sourceTree = "<group>"; };
		7D9D9F49278E928C0098FEA3 /* MovieFront.swift */ = {isa = PBXFileReference; lastKnownFileType = sourcecode.swift; path = MovieFront.swift; sourceTree = "<group>"; };
		7DC7D34627913C89005C3D9C /* DiscoverViewModel.swift */ = {isa = PBXFileReference; lastKnownFileType = sourcecode.swift; path = DiscoverViewModel.swift; sourceTree = "<group>"; };
		7DC7D34927913E8F005C3D9C /* ChartViewModel.swift */ = {isa = PBXFileReference; lastKnownFileType = sourcecode.swift; path = ChartViewModel.swift; sourceTree = "<group>"; };
		7DDE9C2C2787D6EE00938996 /* MainTabBarController.swift */ = {isa = PBXFileReference; lastKnownFileType = sourcecode.swift; path = MainTabBarController.swift; sourceTree = "<group>"; };
		7DDE9C2F2787E0C700938996 /* ChartViewController.swift */ = {isa = PBXFileReference; lastKnownFileType = sourcecode.swift; path = ChartViewController.swift; sourceTree = "<group>"; };
		7DDE9C312788045B00938996 /* ChartTableViewCell.swift */ = {isa = PBXFileReference; lastKnownFileType = sourcecode.swift; path = ChartTableViewCell.swift; sourceTree = "<group>"; };
		7DE8154227910DDC00726799 /* Keys.swift */ = {isa = PBXFileReference; lastKnownFileType = sourcecode.swift; path = Keys.swift; sourceTree = "<group>"; };
		FDA2E981A792A2B7397508AB /* Pods-MovieApp.release.xcconfig */ = {isa = PBXFileReference; includeInIndex = 1; lastKnownFileType = text.xcconfig; name = "Pods-MovieApp.release.xcconfig"; path = "Target Support Files/Pods-MovieApp/Pods-MovieApp.release.xcconfig"; sourceTree = "<group>"; };
/* End PBXFileReference section */

/* Begin PBXFrameworksBuildPhase section */
		7D1982E72782D77400F2E745 /* Frameworks */ = {
			isa = PBXFrameworksBuildPhase;
			buildActionMask = 2147483647;
			files = (
				9F38C115EB6AF0EEE6B8E0C5 /* Pods_MovieApp.framework in Frameworks */,
			);
			runOnlyForDeploymentPostprocessing = 0;
		};
/* End PBXFrameworksBuildPhase section */

/* Begin PBXGroup section */
		7D15F0D827D726A30029C40F /* View */ = {
			isa = PBXGroup;
			children = (
				7D947CA8278C03E00031C7C9 /* CreditViewController.swift */,
				7D90EC1A27D5EC160099B485 /* CreditHeaderView.swift */,
				7D15F0D627D6F0AE0029C40F /* CreditTableViewDescriptionCell.swift */,
				7D15F0D927D726E50029C40F /* CreditFootherView.swift */,
			);
			path = View;
			sourceTree = "<group>";
		};
		7D1982E12782D77400F2E745 = {
			isa = PBXGroup;
			children = (
				7D1982EC2782D77500F2E745 /* MovieApp */,
				7D1982EB2782D77500F2E745 /* Products */,
				B167E2F91F705B58CD850D8C /* Pods */,
				90CE6836E1FA0F00C1A26590 /* Frameworks */,
			);
			sourceTree = "<group>";
		};
		7D1982EB2782D77500F2E745 /* Products */ = {
			isa = PBXGroup;
			children = (
				7D1982EA2782D77500F2E745 /* MovieApp.app */,
			);
			name = Products;
			sourceTree = "<group>";
		};
		7D1982EC2782D77500F2E745 /* MovieApp */ = {
			isa = PBXGroup;
			children = (
				7DC7D34B27915399005C3D9C /* Base */,
				7DC7D34427913C56005C3D9C /* Presentation */,
				7D37ADA5278D5D3D004BBFF9 /* Domain */,
				7D8740F427841F5600E92C72 /* Constant.swift */,
				7D1979E727BE0C9A00CD3DB9 /* Extensions.swift */,
				7D1982ED2782D77500F2E745 /* AppDelegate.swift */,
				7D1982EF2782D77500F2E745 /* SceneDelegate.swift */,
				7D1982F62782D77600F2E745 /* Assets.xcassets */,
				7D1982FB2782D77600F2E745 /* Info.plist */,
			);
			path = MovieApp;
			sourceTree = "<group>";
		};
		7D1D5DE62A8FB0500007E953 /* Cache */ = {
			isa = PBXGroup;
			children = (
				7D7A7D392A7E744100E7879A /* ImageCacheManager.swift */,
				7D0408B62A94815200402458 /* Cache.swift */,
			);
			path = Cache;
			sourceTree = "<group>";
		};
		7D264EDC2A9644960087E95E /* ViewModel */ = {
			isa = PBXGroup;
			children = (
				7DC7D34927913E8F005C3D9C /* ChartViewModel.swift */,
			);
			path = ViewModel;
			sourceTree = "<group>";
		};
		7D264EDD2A9644A10087E95E /* ViewModel */ = {
			isa = PBXGroup;
			children = (
				7D90EC1827D5DA310099B485 /* CreditSection.swift */,
			);
			path = ViewModel;
			sourceTree = "<group>";
		};
		7D264EDE2A9644A80087E95E /* ViewModel */ = {
			isa = PBXGroup;
			children = (
				7D88534227BA371D00CC915E /* DetailViewModel.swift */,
			);
			path = ViewModel;
			sourceTree = "<group>";
		};
		7D264EDF2A9645A10087E95E /* ViewModel */ = {
			isa = PBXGroup;
			children = (
				7DC7D34627913C89005C3D9C /* DiscoverViewModel.swift */,
			);
			path = ViewModel;
			sourceTree = "<group>";
		};
		7D2870432AAF1B8500C1AC94 /* Common */ = {
			isa = PBXGroup;
			children = (
				7D2870442AAF1B9D00C1AC94 /* CancelableImageView.swift */,
			);
			path = Common;
			sourceTree = "<group>";
		};
		7D2DD61F278537A7000EBDE0 /* DiscoverView */ = {
			isa = PBXGroup;
			children = (
				7DC7D34527913C73005C3D9C /* View */,
				7D264EDF2A9645A10087E95E /* ViewModel */,
			);
			path = DiscoverView;
			sourceTree = "<group>";
		};
		7D37ADA5278D5D3D004BBFF9 /* Domain */ = {
			isa = PBXGroup;
			children = (
				7D7A7D362A7E731B00E7879A /* Utils */,
				7D37ADA7278D5D50004BBFF9 /* Model */,
				7D37ADA6278D5D48004BBFF9 /* Service */,
			);
			path = Domain;
			sourceTree = "<group>";
		};
		7D37ADA6278D5D48004BBFF9 /* Service */ = {
			isa = PBXGroup;
			children = (
				7D37AD9F278D5C97004BBFF9 /* APIService.swift */,
				7DE8154227910DDC00726799 /* Keys.swift */,
			);
			path = Service;
			sourceTree = "<group>";
		};
		7D37ADA7278D5D50004BBFF9 /* Model */ = {
			isa = PBXGroup;
			children = (
				7D37ADA1278D5CE7004BBFF9 /* MovieList.swift */,
				7D9D9F49278E928C0098FEA3 /* MovieFront.swift */,
				7D202FAD27B262A6008F8051 /* MovieDetail.swift */,
			);
			path = Model;
			sourceTree = "<group>";
		};
		7D40A08427BCEE81002C21FE /* CustomView */ = {
			isa = PBXGroup;
			children = (
				7D40A07E27BCC33D002C21FE /* IconLabel.swift */,
				7D40A08027BCC91E002C21FE /* DescriptionView.swift */,
				7D40A08227BCD362002C21FE /* DoubleColumDescriptionView.swift */,
			);
			path = CustomView;
			sourceTree = "<group>";
		};
		7D7A7D362A7E731B00E7879A /* Utils */ = {
			isa = PBXGroup;
			children = (
				7D1D5DE62A8FB0500007E953 /* Cache */,
			);
			path = Utils;
			sourceTree = "<group>";
		};
		7D88533E27BA1E5200CC915E /* DetailView */ = {
			isa = PBXGroup;
			children = (
				7D88534127BA27E400CC915E /* View */,
				7D264EDE2A9644A80087E95E /* ViewModel */,
			);
			path = DetailView;
			sourceTree = "<group>";
		};
		7D88534127BA27E400CC915E /* View */ = {
			isa = PBXGroup;
			children = (
				7D88533F27BA1E7500CC915E /* DetailViewController.swift */,
				7D40A08427BCEE81002C21FE /* CustomView */,
			);
			path = View;
			sourceTree = "<group>";
		};
		7D947CA7278C03B70031C7C9 /* CreditView */ = {
			isa = PBXGroup;
			children = (
				7D15F0D827D726A30029C40F /* View */,
				7D264EDD2A9644A10087E95E /* ViewModel */,
			);
			path = CreditView;
			sourceTree = "<group>";
		};
		7DC7D34427913C56005C3D9C /* Presentation */ = {
			isa = PBXGroup;
			children = (
				7D2870432AAF1B8500C1AC94 /* Common */,
				7DDE9C2C2787D6EE00938996 /* MainTabBarController.swift */,
				7D2DD61F278537A7000EBDE0 /* DiscoverView */,
				7DDE9C2E2787E0A800938996 /* ChartView */,
				7D947CA7278C03B70031C7C9 /* CreditView */,
				7D88533E27BA1E5200CC915E /* DetailView */,
			);
			path = Presentation;
			sourceTree = "<group>";
		};
		7DC7D34527913C73005C3D9C /* View */ = {
			isa = PBXGroup;
			children = (
				7D1982F12782D77500F2E745 /* DiscoverViewController.swift */,
				7D2DD62427855A30000EBDE0 /* DiscoverCollectionHeaderView.swift */,
				7D26C14527867D8E005B122D /* DiscoverCollectionViewCell.swift */,
			);
			path = View;
			sourceTree = "<group>";
		};
		7DC7D34827913E71005C3D9C /* View */ = {
			isa = PBXGroup;
			children = (
				7DDE9C2F2787E0C700938996 /* ChartViewController.swift */,
				7DDE9C312788045B00938996 /* ChartTableViewCell.swift */,
			);
			path = View;
			sourceTree = "<group>";
		};
		7DC7D34B27915399005C3D9C /* Base */ = {
			isa = PBXGroup;
			children = (
				7D1982F32782D77500F2E745 /* Main.storyboard */,
				7D1982F82782D77600F2E745 /* LaunchScreen.storyboard */,
			);
			path = Base;
			sourceTree = "<group>";
		};
		7DDE9C2E2787E0A800938996 /* ChartView */ = {
			isa = PBXGroup;
			children = (
				7DC7D34827913E71005C3D9C /* View */,
				7D264EDC2A9644960087E95E /* ViewModel */,
			);
			path = ChartView;
			sourceTree = "<group>";
		};
		90CE6836E1FA0F00C1A26590 /* Frameworks */ = {
			isa = PBXGroup;
			children = (
				1333EC5F83FAB13E0CD0D899 /* Pods_MovieApp.framework */,
			);
			name = Frameworks;
			sourceTree = "<group>";
		};
		B167E2F91F705B58CD850D8C /* Pods */ = {
			isa = PBXGroup;
			children = (
				4940141FE31A8FDE1F3A884C /* Pods-MovieApp.debug.xcconfig */,
				FDA2E981A792A2B7397508AB /* Pods-MovieApp.release.xcconfig */,
			);
			path = Pods;
			sourceTree = "<group>";
		};
/* End PBXGroup section */

/* Begin PBXNativeTarget section */
		7D1982E92782D77400F2E745 /* MovieApp */ = {
			isa = PBXNativeTarget;
			buildConfigurationList = 7D1982FE2782D77600F2E745 /* Build configuration list for PBXNativeTarget "MovieApp" */;
			buildPhases = (
				4F73828B3E9B6CCB484E4139 /* [CP] Check Pods Manifest.lock */,
				7D1982E62782D77400F2E745 /* Sources */,
				7D1982E72782D77400F2E745 /* Frameworks */,
				7D1982E82782D77400F2E745 /* Resources */,
				9D961636DA0610EF8015E342 /* [CP] Embed Pods Frameworks */,
			);
			buildRules = (
			);
			dependencies = (
			);
			name = MovieApp;
			productName = MovieApp;
			productReference = 7D1982EA2782D77500F2E745 /* MovieApp.app */;
			productType = "com.apple.product-type.application";
		};
/* End PBXNativeTarget section */

/* Begin PBXProject section */
		7D1982E22782D77400F2E745 /* Project object */ = {
			isa = PBXProject;
			attributes = {
				BuildIndependentTargetsInParallel = 1;
				LastSwiftUpdateCheck = 1310;
				LastUpgradeCheck = 1310;
				TargetAttributes = {
					7D1982E92782D77400F2E745 = {
						CreatedOnToolsVersion = 13.1;
					};
				};
			};
			buildConfigurationList = 7D1982E52782D77400F2E745 /* Build configuration list for PBXProject "MovieApp" */;
			compatibilityVersion = "Xcode 13.0";
			developmentRegion = en;
			hasScannedForEncodings = 0;
			knownRegions = (
				en,
				Base,
			);
			mainGroup = 7D1982E12782D77400F2E745;
			productRefGroup = 7D1982EB2782D77500F2E745 /* Products */;
			projectDirPath = "";
			projectRoot = "";
			targets = (
				7D1982E92782D77400F2E745 /* MovieApp */,
			);
		};
/* End PBXProject section */

/* Begin PBXResourcesBuildPhase section */
		7D1982E82782D77400F2E745 /* Resources */ = {
			isa = PBXResourcesBuildPhase;
			buildActionMask = 2147483647;
			files = (
				7D1982FA2782D77600F2E745 /* LaunchScreen.storyboard in Resources */,
				7D1982F72782D77600F2E745 /* Assets.xcassets in Resources */,
				7D1982F52782D77500F2E745 /* Main.storyboard in Resources */,
			);
			runOnlyForDeploymentPostprocessing = 0;
		};
/* End PBXResourcesBuildPhase section */

/* Begin PBXShellScriptBuildPhase section */
		4F73828B3E9B6CCB484E4139 /* [CP] Check Pods Manifest.lock */ = {
			isa = PBXShellScriptBuildPhase;
			buildActionMask = 2147483647;
			files = (
			);
			inputFileListPaths = (
			);
			inputPaths = (
				"${PODS_PODFILE_DIR_PATH}/Podfile.lock",
				"${PODS_ROOT}/Manifest.lock",
			);
			name = "[CP] Check Pods Manifest.lock";
			outputFileListPaths = (
			);
			outputPaths = (
				"$(DERIVED_FILE_DIR)/Pods-MovieApp-checkManifestLockResult.txt",
			);
			runOnlyForDeploymentPostprocessing = 0;
			shellPath = /bin/sh;
			shellScript = "diff \"${PODS_PODFILE_DIR_PATH}/Podfile.lock\" \"${PODS_ROOT}/Manifest.lock\" > /dev/null\nif [ $? != 0 ] ; then\n    # print error to STDERR\n    echo \"error: The sandbox is not in sync with the Podfile.lock. Run 'pod install' or update your CocoaPods installation.\" >&2\n    exit 1\nfi\n# This output is used by Xcode 'outputs' to avoid re-running this script phase.\necho \"SUCCESS\" > \"${SCRIPT_OUTPUT_FILE_0}\"\n";
			showEnvVarsInLog = 0;
		};
		9D961636DA0610EF8015E342 /* [CP] Embed Pods Frameworks */ = {
			isa = PBXShellScriptBuildPhase;
			buildActionMask = 2147483647;
			files = (
			);
			inputFileListPaths = (
				"${PODS_ROOT}/Target Support Files/Pods-MovieApp/Pods-MovieApp-frameworks-${CONFIGURATION}-input-files.xcfilelist",
			);
			name = "[CP] Embed Pods Frameworks";
			outputFileListPaths = (
				"${PODS_ROOT}/Target Support Files/Pods-MovieApp/Pods-MovieApp-frameworks-${CONFIGURATION}-output-files.xcfilelist",
			);
			runOnlyForDeploymentPostprocessing = 0;
			shellPath = /bin/sh;
			shellScript = "\"${PODS_ROOT}/Target Support Files/Pods-MovieApp/Pods-MovieApp-frameworks.sh\"\n";
			showEnvVarsInLog = 0;
		};
/* End PBXShellScriptBuildPhase section */

/* Begin PBXSourcesBuildPhase section */
		7D1982E62782D77400F2E745 /* Sources */ = {
			isa = PBXSourcesBuildPhase;
			buildActionMask = 2147483647;
			files = (
				7D15F0D727D6F0AE0029C40F /* CreditTableViewDescriptionCell.swift in Sources */,
				7DDE9C322788045B00938996 /* ChartTableViewCell.swift in Sources */,
				7D40A08327BCD362002C21FE /* DoubleColumDescriptionView.swift in Sources */,
				7D26C14627867D8E005B122D /* DiscoverCollectionViewCell.swift in Sources */,
				7D1982F22782D77500F2E745 /* DiscoverViewController.swift in Sources */,
				7D88534327BA371D00CC915E /* DetailViewModel.swift in Sources */,
				7D202FAE27B262A6008F8051 /* MovieDetail.swift in Sources */,
				7D1979E827BE0C9A00CD3DB9 /* Extensions.swift in Sources */,
				7D1982EE2782D77500F2E745 /* AppDelegate.swift in Sources */,
				7D37ADA0278D5C97004BBFF9 /* APIService.swift in Sources */,
				7D40A08127BCC91E002C21FE /* DescriptionView.swift in Sources */,
				7D2DD62527855A30000EBDE0 /* DiscoverCollectionHeaderView.swift in Sources */,
				7D37ADA2278D5CE7004BBFF9 /* MovieList.swift in Sources */,
				7DDE9C2D2787D6EE00938996 /* MainTabBarController.swift in Sources */,
				7D40A07F27BCC33D002C21FE /* IconLabel.swift in Sources */,
				7D88534027BA1E7500CC915E /* DetailViewController.swift in Sources */,
				7DDE9C302787E0C700938996 /* ChartViewController.swift in Sources */,
				7D0408B72A94815200402458 /* Cache.swift in Sources */,
				7D9D9F4A278E928C0098FEA3 /* MovieFront.swift in Sources */,
				7D7A7D3A2A7E744100E7879A /* ImageCacheManager.swift in Sources */,
				7D947CA9278C03E00031C7C9 /* CreditViewController.swift in Sources */,
				7DE8154327910DDC00726799 /* Keys.swift in Sources */,
				7D90EC1B27D5EC160099B485 /* CreditHeaderView.swift in Sources */,
				7D2870452AAF1B9D00C1AC94 /* CancelableImageView.swift in Sources */,
				7DC7D34727913C89005C3D9C /* DiscoverViewModel.swift in Sources */,
				7D15F0DA27D726E50029C40F /* CreditFootherView.swift in Sources */,
				7DC7D34A27913E8F005C3D9C /* ChartViewModel.swift in Sources */,
				7D1982F02782D77500F2E745 /* SceneDelegate.swift in Sources */,
				7D8740F527841F5600E92C72 /* Constant.swift in Sources */,
				7D90EC1927D5DA310099B485 /* CreditSection.swift in Sources */,
			);
			runOnlyForDeploymentPostprocessing = 0;
		};
/* End PBXSourcesBuildPhase section */

/* Begin PBXVariantGroup section */
		7D1982F32782D77500F2E745 /* Main.storyboard */ = {
			isa = PBXVariantGroup;
			children = (
				7D1982F42782D77500F2E745 /* Base */,
			);
			name = Main.storyboard;
			sourceTree = "<group>";
		};
		7D1982F82782D77600F2E745 /* LaunchScreen.storyboard */ = {
			isa = PBXVariantGroup;
			children = (
				7D1982F92782D77600F2E745 /* Base */,
			);
			name = LaunchScreen.storyboard;
			sourceTree = "<group>";
		};
/* End PBXVariantGroup section */

/* Begin XCBuildConfiguration section */
		7D1982FC2782D77600F2E745 /* Debug */ = {
			isa = XCBuildConfiguration;
			buildSettings = {
				ALWAYS_SEARCH_USER_PATHS = NO;
				CLANG_ANALYZER_NONNULL = YES;
				CLANG_ANALYZER_NUMBER_OBJECT_CONVERSION = YES_AGGRESSIVE;
				CLANG_CXX_LANGUAGE_STANDARD = "gnu++17";
				CLANG_CXX_LIBRARY = "libc++";
				CLANG_ENABLE_MODULES = YES;
				CLANG_ENABLE_OBJC_ARC = YES;
				CLANG_ENABLE_OBJC_WEAK = YES;
				CLANG_WARN_BLOCK_CAPTURE_AUTORELEASING = YES;
				CLANG_WARN_BOOL_CONVERSION = YES;
				CLANG_WARN_COMMA = YES;
				CLANG_WARN_CONSTANT_CONVERSION = YES;
				CLANG_WARN_DEPRECATED_OBJC_IMPLEMENTATIONS = YES;
				CLANG_WARN_DIRECT_OBJC_ISA_USAGE = YES_ERROR;
				CLANG_WARN_DOCUMENTATION_COMMENTS = YES;
				CLANG_WARN_EMPTY_BODY = YES;
				CLANG_WARN_ENUM_CONVERSION = YES;
				CLANG_WARN_INFINITE_RECURSION = YES;
				CLANG_WARN_INT_CONVERSION = YES;
				CLANG_WARN_NON_LITERAL_NULL_CONVERSION = YES;
				CLANG_WARN_OBJC_IMPLICIT_RETAIN_SELF = YES;
				CLANG_WARN_OBJC_LITERAL_CONVERSION = YES;
				CLANG_WARN_OBJC_ROOT_CLASS = YES_ERROR;
				CLANG_WARN_QUOTED_INCLUDE_IN_FRAMEWORK_HEADER = YES;
				CLANG_WARN_RANGE_LOOP_ANALYSIS = YES;
				CLANG_WARN_STRICT_PROTOTYPES = YES;
				CLANG_WARN_SUSPICIOUS_MOVE = YES;
				CLANG_WARN_UNGUARDED_AVAILABILITY = YES_AGGRESSIVE;
				CLANG_WARN_UNREACHABLE_CODE = YES;
				CLANG_WARN__DUPLICATE_METHOD_MATCH = YES;
				COPY_PHASE_STRIP = NO;
				DEBUG_INFORMATION_FORMAT = dwarf;
				ENABLE_STRICT_OBJC_MSGSEND = YES;
				ENABLE_TESTABILITY = YES;
				GCC_C_LANGUAGE_STANDARD = gnu11;
				GCC_DYNAMIC_NO_PIC = NO;
				GCC_NO_COMMON_BLOCKS = YES;
				GCC_OPTIMIZATION_LEVEL = 0;
				GCC_PREPROCESSOR_DEFINITIONS = (
					"DEBUG=1",
					"$(inherited)",
				);
				GCC_WARN_64_TO_32_BIT_CONVERSION = YES;
				GCC_WARN_ABOUT_RETURN_TYPE = YES_ERROR;
				GCC_WARN_UNDECLARED_SELECTOR = YES;
				GCC_WARN_UNINITIALIZED_AUTOS = YES_AGGRESSIVE;
				GCC_WARN_UNUSED_FUNCTION = YES;
				GCC_WARN_UNUSED_VARIABLE = YES;
				IPHONEOS_DEPLOYMENT_TARGET = 15.0;
				MTL_ENABLE_DEBUG_INFO = INCLUDE_SOURCE;
				MTL_FAST_MATH = YES;
				ONLY_ACTIVE_ARCH = YES;
				SDKROOT = iphoneos;
				SWIFT_ACTIVE_COMPILATION_CONDITIONS = DEBUG;
				SWIFT_OPTIMIZATION_LEVEL = "-Onone";
			};
			name = Debug;
		};
		7D1982FD2782D77600F2E745 /* Release */ = {
			isa = XCBuildConfiguration;
			buildSettings = {
				ALWAYS_SEARCH_USER_PATHS = NO;
				CLANG_ANALYZER_NONNULL = YES;
				CLANG_ANALYZER_NUMBER_OBJECT_CONVERSION = YES_AGGRESSIVE;
				CLANG_CXX_LANGUAGE_STANDARD = "gnu++17";
				CLANG_CXX_LIBRARY = "libc++";
				CLANG_ENABLE_MODULES = YES;
				CLANG_ENABLE_OBJC_ARC = YES;
				CLANG_ENABLE_OBJC_WEAK = YES;
				CLANG_WARN_BLOCK_CAPTURE_AUTORELEASING = YES;
				CLANG_WARN_BOOL_CONVERSION = YES;
				CLANG_WARN_COMMA = YES;
				CLANG_WARN_CONSTANT_CONVERSION = YES;
				CLANG_WARN_DEPRECATED_OBJC_IMPLEMENTATIONS = YES;
				CLANG_WARN_DIRECT_OBJC_ISA_USAGE = YES_ERROR;
				CLANG_WARN_DOCUMENTATION_COMMENTS = YES;
				CLANG_WARN_EMPTY_BODY = YES;
				CLANG_WARN_ENUM_CONVERSION = YES;
				CLANG_WARN_INFINITE_RECURSION = YES;
				CLANG_WARN_INT_CONVERSION = YES;
				CLANG_WARN_NON_LITERAL_NULL_CONVERSION = YES;
				CLANG_WARN_OBJC_IMPLICIT_RETAIN_SELF = YES;
				CLANG_WARN_OBJC_LITERAL_CONVERSION = YES;
				CLANG_WARN_OBJC_ROOT_CLASS = YES_ERROR;
				CLANG_WARN_QUOTED_INCLUDE_IN_FRAMEWORK_HEADER = YES;
				CLANG_WARN_RANGE_LOOP_ANALYSIS = YES;
				CLANG_WARN_STRICT_PROTOTYPES = YES;
				CLANG_WARN_SUSPICIOUS_MOVE = YES;
				CLANG_WARN_UNGUARDED_AVAILABILITY = YES_AGGRESSIVE;
				CLANG_WARN_UNREACHABLE_CODE = YES;
				CLANG_WARN__DUPLICATE_METHOD_MATCH = YES;
				COPY_PHASE_STRIP = NO;
				DEBUG_INFORMATION_FORMAT = "dwarf-with-dsym";
				ENABLE_NS_ASSERTIONS = NO;
				ENABLE_STRICT_OBJC_MSGSEND = YES;
				GCC_C_LANGUAGE_STANDARD = gnu11;
				GCC_NO_COMMON_BLOCKS = YES;
				GCC_WARN_64_TO_32_BIT_CONVERSION = YES;
				GCC_WARN_ABOUT_RETURN_TYPE = YES_ERROR;
				GCC_WARN_UNDECLARED_SELECTOR = YES;
				GCC_WARN_UNINITIALIZED_AUTOS = YES_AGGRESSIVE;
				GCC_WARN_UNUSED_FUNCTION = YES;
				GCC_WARN_UNUSED_VARIABLE = YES;
				IPHONEOS_DEPLOYMENT_TARGET = 15.0;
				MTL_ENABLE_DEBUG_INFO = NO;
				MTL_FAST_MATH = YES;
				SDKROOT = iphoneos;
				SWIFT_COMPILATION_MODE = wholemodule;
				SWIFT_OPTIMIZATION_LEVEL = "-O";
				VALIDATE_PRODUCT = YES;
			};
			name = Release;
		};
		7D1982FF2782D77600F2E745 /* Debug */ = {
			isa = XCBuildConfiguration;
			baseConfigurationReference = 4940141FE31A8FDE1F3A884C /* Pods-MovieApp.debug.xcconfig */;
			buildSettings = {
				ASSETCATALOG_COMPILER_APPICON_NAME = AppIcon;
				ASSETCATALOG_COMPILER_GLOBAL_ACCENT_COLOR_NAME = AccentColor;
				CODE_SIGN_STYLE = Automatic;
				CURRENT_PROJECT_VERSION = 1;
				DEVELOPMENT_TEAM = ZW6466CHF4;
				GENERATE_INFOPLIST_FILE = YES;
				INFOPLIST_FILE = MovieApp/Info.plist;
				INFOPLIST_KEY_CFBundleDisplayName = Filmboard;
				INFOPLIST_KEY_UIApplicationSupportsIndirectInputEvents = YES;
				INFOPLIST_KEY_UILaunchStoryboardName = LaunchScreen;
				INFOPLIST_KEY_UIMainStoryboardFile = Main;
				INFOPLIST_KEY_UISupportedInterfaceOrientations = UIInterfaceOrientationPortrait;
				INFOPLIST_KEY_UISupportedInterfaceOrientations_iPad = "UIInterfaceOrientationPortrait UIInterfaceOrientationPortraitUpsideDown UIInterfaceOrientationLandscapeLeft UIInterfaceOrientationLandscapeRight";
				INFOPLIST_KEY_UISupportedInterfaceOrientations_iPhone = "UIInterfaceOrientationPortrait UIInterfaceOrientationLandscapeLeft UIInterfaceOrientationLandscapeRight";
				LD_RUNPATH_SEARCH_PATHS = (
					"$(inherited)",
					"@executable_path/Frameworks",
				);
				MARKETING_VERSION = 1.0;
				PRODUCT_BUNDLE_IDENTIFIER = com.choiysapple.MovieApp;
				PRODUCT_NAME = "$(TARGET_NAME)";
				SWIFT_EMIT_LOC_STRINGS = YES;
				SWIFT_VERSION = 5.0;
				TARGETED_DEVICE_FAMILY = "1,2";
			};
			name = Debug;
		};
		7D1983002782D77600F2E745 /* Release */ = {
			isa = XCBuildConfiguration;
			baseConfigurationReference = FDA2E981A792A2B7397508AB /* Pods-MovieApp.release.xcconfig */;
			buildSettings = {
				ASSETCATALOG_COMPILER_APPICON_NAME = AppIcon;
				ASSETCATALOG_COMPILER_GLOBAL_ACCENT_COLOR_NAME = AccentColor;
				CODE_SIGN_STYLE = Automatic;
				CURRENT_PROJECT_VERSION = 1;
				DEVELOPMENT_TEAM = ZW6466CHF4;
				GENERATE_INFOPLIST_FILE = YES;
				INFOPLIST_FILE = MovieApp/Info.plist;
				INFOPLIST_KEY_CFBundleDisplayName = Filmboard;
				INFOPLIST_KEY_UIApplicationSupportsIndirectInputEvents = YES;
				INFOPLIST_KEY_UILaunchStoryboardName = LaunchScreen;
				INFOPLIST_KEY_UIMainStoryboardFile = Main;
				INFOPLIST_KEY_UISupportedInterfaceOrientations = UIInterfaceOrientationPortrait;
				INFOPLIST_KEY_UISupportedInterfaceOrientations_iPad = "UIInterfaceOrientationPortrait UIInterfaceOrientationPortraitUpsideDown UIInterfaceOrientationLandscapeLeft UIInterfaceOrientationLandscapeRight";
				INFOPLIST_KEY_UISupportedInterfaceOrientations_iPhone = "UIInterfaceOrientationPortrait UIInterfaceOrientationLandscapeLeft UIInterfaceOrientationLandscapeRight";
				LD_RUNPATH_SEARCH_PATHS = (
					"$(inherited)",
					"@executable_path/Frameworks",
				);
				MARKETING_VERSION = 1.0;
				PRODUCT_BUNDLE_IDENTIFIER = com.choiysapple.MovieApp;
				PRODUCT_NAME = "$(TARGET_NAME)";
				SWIFT_EMIT_LOC_STRINGS = YES;
				SWIFT_VERSION = 5.0;
				TARGETED_DEVICE_FAMILY = "1,2";
			};
			name = Release;
		};
/* End XCBuildConfiguration section */

/* Begin XCConfigurationList section */
		7D1982E52782D77400F2E745 /* Build configuration list for PBXProject "MovieApp" */ = {
			isa = XCConfigurationList;
			buildConfigurations = (
				7D1982FC2782D77600F2E745 /* Debug */,
				7D1982FD2782D77600F2E745 /* Release */,
			);
			defaultConfigurationIsVisible = 0;
			defaultConfigurationName = Release;
		};
		7D1982FE2782D77600F2E745 /* Build configuration list for PBXNativeTarget "MovieApp" */ = {
			isa = XCConfigurationList;
			buildConfigurations = (
				7D1982FF2782D77600F2E745 /* Debug */,
				7D1983002782D77600F2E745 /* Release */,
			);
			defaultConfigurationIsVisible = 0;
			defaultConfigurationName = Release;
		};
/* End XCConfigurationList section */
	};
	rootObject = 7D1982E22782D77400F2E745 /* Project object */;
}
